
Microsoft Visual Studio Solution File, Format Version 12.00
# Visual Studio Version 17
VisualStudioVersion = 17.1.32210.238
MinimumVisualStudioVersion = 10.0.40219.1
Project("{9A19103F-16F7-4668-BE54-9A1E7A4F7556}") = "WinFormsApp1", "WinFormsApp1\WinFormsApp1.csproj", "{D23F0F20-A20E-4C16-B6FD-E1D45A9BEF3B}"
EndProject
Project("{2150E333-8FDC-42A3-9474-1A3956D46DE8}") = "Solution Items", "Solution Items", "{5F615F0C-850B-4F6E-8D2B-E19FF345EEE9}"
	ProjectSection(SolutionItems) = preProject
		LexicalAnalyzer.cs = LexicalAnalyzer.cs
		TokenType.cs = TokenType.cs
	EndProjectSection
EndProject
Global
	GlobalSection(SolutionConfigurationPlatforms) = preSolution
		Debug|Any CPU = Debug|Any CPU
		Release|Any CPU = Release|Any CPU
	EndGlobalSection
	GlobalSection(ProjectConfigurationPlatforms) = postSolution
		{D23F0F20-A20E-4C16-B6FD-E1D45A9BEF3B}.Debug|Any CPU.ActiveCfg = Debug|Any CPU
		{D23F0F20-A20E-4C16-B6FD-E1D45A9BEF3B}.Debug|Any CPU.Build.0 = Debug|Any CPU
		{D23F0F20-A20E-4C16-B6FD-E1D45A9BEF3B}.Release|Any CPU.ActiveCfg = Release|Any CPU
		{D23F0F20-A20E-4C16-B6FD-E1D45A9BEF3B}.Release|Any CPU.Build.0 = Release|Any CPU
	EndGlobalSection
	GlobalSection(SolutionProperties) = preSolution
		HideSolutionNode = FALSE
	EndGlobalSection
	GlobalSection(ExtensibilityGlobals) = postSolution
		SolutionGuid = {795FCD68-75AD-4832-BC76-96EF8C21ACEA}
	EndGlobalSection
EndGlobal
